
Microsoft Visual Studio Solution File, Format Version 12.00
# Visual Studio Version 16
VisualStudioVersion = 16.0.31424.327
MinimumVisualStudioVersion = 10.0.40219.1
Project("{FAE04EC0-301F-11D3-BF4B-00C04F79EFBC}") = "Attempt2", "Attempt2.csproj", "{E80708F8-A586-4A2B-8631-2BAA7476B0E3}"
EndProject
Global
	GlobalSection(SolutionConfigurationPlatforms) = preSolution
		Debug|Any CPU = Debug|Any CPU
		Release|Any CPU = Release|Any CPU
	EndGlobalSection
	GlobalSection(ProjectConfigurationPlatforms) = postSolution
		{E80708F8-A586-4A2B-8631-2BAA7476B0E3}.Debug|Any CPU.ActiveCfg = Debug|Any CPU
		{E80708F8-A586-4A2B-8631-2BAA7476B0E3}.Debug|Any CPU.Build.0 = Debug|Any CPU
		{E80708F8-A586-4A2B-8631-2BAA7476B0E3}.Release|Any CPU.ActiveCfg = Release|Any CPU
		{E80708F8-A586-4A2B-8631-2BAA7476B0E3}.Release|Any CPU.Build.0 = Release|Any CPU
	EndGlobalSection
	GlobalSection(SolutionProperties) = preSolution
		HideSolutionNode = FALSE
	EndGlobalSection
	GlobalSection(ExtensibilityGlobals) = postSolution
		SolutionGuid = {E6E04086-508B-444A-B662-10F228F8E014}
	EndGlobalSection
EndGlobal
